{
  "nodes": {
    "auto-cpufreq": {
      "inputs": {
        "nixpkgs": [
          "nixpkgs"
        ]
      },
      "locked": {
        "lastModified": 1791097055,
        "narHash": "sha256-sFCBFgqATqOSWSaiZjwEE9G6j+bvaJkvEL+VfwQMIxk=",
        "owner": "AdnanHodzic",
        "repo": "auto-cpufreq",
        "rev": "35d8015afc1bc2c4b30526828dddde4c53925976",
        "type": "github"
      },
      "original": {
        "owner": "AdnanHodzic",
        "repo": "auto-cpufreq",
        "type": "github"
      }
    },
    "flake-utils": {
      "inputs": {
        "systems": "systems"
      },
      "locked": {
        "lastModified": 1731533236,
        "narHash": "sha256-l0KFg5HjrsfsO/JpG+r7fRrqm12kzFHyUHqHCVpMMbI=",
        "owner": "numtide",
        "repo": "flake-utils",
        "rev": "11707dc2f618dd54ca8739b309ec4fc024de578b",
        "type": "github"
      },
      "original": {
        "owner": "numtide",
        "repo": "flake-utils",
        "type": "github"
      }
    },
    "home-manager": {
      "inputs": {
        "nixpkgs": [
          "nixpkgs"
        ]
      },
      "locked": {
        "lastModified": 1790996401,
        "narHash": "sha256-f+kOxEmOUnQazVAmGg0i8hzwgd1kX/geY+k/Dpheye8=",
        "owner": "nix-community",
        "repo": "home-manager",
        "rev": "db7d5e2332710f5abb088f6b5de927d7f9511b35",
        "type": "github"
      },
      "original": {
        "owner": "nix-community",
        "ref": "release-26.05",
        "repo": "home-manager",
        "type": "github"
      }
    },
    "nixpkgs": {
      "locked": {
        "lastModified": 1791426274,
        "narHash": "sha256-MWhktfFtFE8Jl7bf9Pkp7TR5MSdYCjCswSo0Gkb4ywc=",
        "owner": "NixOS",
        "repo": "nixpkgs",
        "rev": "7c8764b7c7b09b34f632464276218ef9090eaa11",
        "type": "github"
      },
      "original": {
        "owner": "NixOS",
        "ref": "nixos-26.05",
        "repo": "nixpkgs",
        "type": "github"
      }
    },
    "nixpkgs-unstable": {
      "locked": {
        "lastModified": 1791456040,
        "narHash": "sha256-H83yz/do+hjOO0uujHyH8RgtIQP2v7Mw+cLwcZK/xKc=",
        "owner": "NixOS",
        "repo": "nixpkgs",
        "rev": "e7439b6b14ad3cc35d05608ebca9bce01a25f5f8",
        "type": "github"
      },
      "original": {
        "owner": "NixOS",
        "ref": "nixos-unstable",
        "repo": "nixpkgs",
        "type": "github"
      }
    },
    "nixpkgs_2": {
      "locked": {
        "lastModified": 1767364772,
        "narHash": "sha256-fFUnEYMla8b7UKjijLnMe+oVFOz6HjijGGNS1l7dYaQ=",
        "owner": "NixOS",
        "repo": "nixpkgs",
        "rev": "16c7794d0a28b5a37904d55bcca36003b9109aaa",
        "type": "github"
      },
      "original": {
        "owner": "NixOS",
        "ref": "nixpkgs-unstable",
        "repo": "nixpkgs",
        "type": "github"
      }
    },
    "opencode-nix": {
      "inputs": {
        "flake-utils": "flake-utils",
        "nixpkgs": "nixpkgs_2"
      },
      "locked": {
        "lastModified": 1791322320,
        "narHash": "sha256-6ZJNZE+e7vSRsV24s2Vvun8kuhND0WR7nkDhfBS/aHs=",
        "owner": "dominicnunez",
        "repo": "opencode-nix",
        "rev": "906e6cc5769ce0bd8ec6ac83413eb67436294327",
        "type": "github"
      },
      "original": {
        "owner": "dominicnunez",
        "repo": "opencode-nix",
        "type": "github"
      }
    },
    "root": {
      "inputs": {
        "auto-cpufreq": "auto-cpufreq",
        "home-manager": "home-manager",
        "nixpkgs": "nixpkgs",
        "nixpkgs-unstable": "nixpkgs-unstable",
        "opencode-nix": "opencode-nix"
      }
    },
    "systems": {
      "locked": {
        "lastModified": 1681028828,
        "narHash": "sha256-Vy1rq5AaRuLzOxct8nz4T6wlgyUR7zLU309k9mBC768=",
        "owner": "nix-systems",
        "repo": "default",
        "rev": "da67096a3b9bf56a91d16901293e51ba5b49a27e",
        "type": "github"
      },
      "original": {
        "owner": "nix-systems",
        "repo": "default",
        "type": "github"
      }
    }
  },
  "root": "root",
  "version": 7
}
